
Microsoft Visual Studio Solution File, Format Version 12.00
# Visual Studio Version 17
VisualStudioVersion = 17.8.34525.116
MinimumVisualStudioVersion = 10.0.40219.1
Project("{9A19103F-16F7-4668-BE54-9A1E7A4F7556}") = "Kz.Geometry2d.Demo", "Kz.Geometry2d.Demo\Kz.Geometry2d.Demo.csproj", "{5632F7C7-D3A7-4ED7-934F-56C592EAF751}"
EndProject
Project("{9A19103F-16F7-4668-BE54-9A1E7A4F7556}") = "Kz.Geometry2d", "Kz.Geometry2d\Kz.Geometry2d.csproj", "{64EE5368-3DDF-47AD-B621-6BBD261CCCB9}"
EndProject
Project("{9A19103F-16F7-4668-BE54-9A1E7A4F7556}") = "Kz.DataStructures", "Kz.DataStructures\Kz.DataStructures.csproj", "{5B072762-CE24-421C-9AF2-2A04DC0795A4}"
EndProject
Project("{9A19103F-16F7-4668-BE54-9A1E7A4F7556}") = "Kz.Raylib.Gfx", "Kz.Raylib.Gfx\Kz.Raylib.Gfx.csproj", "{DA53615F-E1CC-418D-88C8-4401475A3EF5}"
EndProject
Project("{FAE04EC0-301F-11D3-BF4B-00C04F79EFBC}") = "Kz.Trigonometry", "Kz.Trigonometry\Kz.Trigonometry.csproj", "{52AFC73F-8614-43F0-9F62-E8EC56982F7C}"
EndProject
Global
	GlobalSection(SolutionConfigurationPlatforms) = preSolution
		Debug|Any CPU = Debug|Any CPU
		Release|Any CPU = Release|Any CPU
	EndGlobalSection
	GlobalSection(ProjectConfigurationPlatforms) = postSolution
		{5632F7C7-D3A7-4ED7-934F-56C592EAF751}.Debug|Any CPU.ActiveCfg = Debug|Any CPU
		{5632F7C7-D3A7-4ED7-934F-56C592EAF751}.Debug|Any CPU.Build.0 = Debug|Any CPU
		{5632F7C7-D3A7-4ED7-934F-56C592EAF751}.Release|Any CPU.ActiveCfg = Release|Any CPU
		{5632F7C7-D3A7-4ED7-934F-56C592EAF751}.Release|Any CPU.Build.0 = Release|Any CPU
		{64EE5368-3DDF-47AD-B621-6BBD261CCCB9}.Debug|Any CPU.ActiveCfg = Debug|Any CPU
		{64EE5368-3DDF-47AD-B621-6BBD261CCCB9}.Debug|Any CPU.Build.0 = Debug|Any CPU
		{64EE5368-3DDF-47AD-B621-6BBD261CCCB9}.Release|Any CPU.ActiveCfg = Release|Any CPU
		{64EE5368-3DDF-47AD-B621-6BBD261CCCB9}.Release|Any CPU.Build.0 = Release|Any CPU
		{5B072762-CE24-421C-9AF2-2A04DC0795A4}.Debug|Any CPU.ActiveCfg = Debug|Any CPU
		{5B072762-CE24-421C-9AF2-2A04DC0795A4}.Debug|Any CPU.Build.0 = Debug|Any CPU
		{5B072762-CE24-421C-9AF2-2A04DC0795A4}.Release|Any CPU.ActiveCfg = Release|Any CPU
		{5B072762-CE24-421C-9AF2-2A04DC0795A4}.Release|Any CPU.Build.0 = Release|Any CPU
		{DA53615F-E1CC-418D-88C8-4401475A3EF5}.Debug|Any CPU.ActiveCfg = Debug|Any CPU
		{DA53615F-E1CC-418D-88C8-4401475A3EF5}.Debug|Any CPU.Build.0 = Debug|Any CPU
		{DA53615F-E1CC-418D-88C8-4401475A3EF5}.Release|Any CPU.ActiveCfg = Release|Any CPU
		{DA53615F-E1CC-418D-88C8-4401475A3EF5}.Release|Any CPU.Build.0 = Release|Any CPU
		{52AFC73F-8614-43F0-9F62-E8EC56982F7C}.Debug|Any CPU.ActiveCfg = Debug|Any CPU
		{52AFC73F-8614-43F0-9F62-E8EC56982F7C}.Debug|Any CPU.Build.0 = Debug|Any CPU
		{52AFC73F-8614-43F0-9F62-E8EC56982F7C}.Release|Any CPU.ActiveCfg = Release|Any CPU
		{52AFC73F-8614-43F0-9F62-E8EC56982F7C}.Release|Any CPU.Build.0 = Release|Any CPU
	EndGlobalSection
	GlobalSection(SolutionProperties) = preSolution
		HideSolutionNode = FALSE
	EndGlobalSection
	GlobalSection(ExtensibilityGlobals) = postSolution
		SolutionGuid = {49A6C658-A740-483D-A590-85DF1E71AC6E}
	EndGlobalSection
EndGlobal
